Microsoft Visual Studio Solution File, Format Version 12.00
# Visual Studio Version 17
VisualStudioVersion = 17.13.35919.96
MinimumVisualStudioVersion = 10.0.40219.1
Project("{FAE04EC0-301F-11D3-BF4B-00C04F79EFBC}") = "FilmyDB", "FilmyDB.csproj", "{B2355540-B187-4C34-884A-33A7B3676EBB}"
EndProject
Global
	GlobalSection(SolutionConfigurationPlatforms) = preSolution
		Debug|Any CPU = Debug|Any CPU
		Release|Any CPU = Release|Any CPU
	EndGlobalSection
	GlobalSection(ProjectConfigurationPlatforms) = postSolution
		{B2355540-B187-4C34-884A-33A7B3676EBB}.Debug|Any CPU.ActiveCfg = Debug|Any CPU
		{B2355540-B187-4C34-884A-33A7B3676EBB}.Debug|Any CPU.Build.0 = Debug|Any CPU
		{B2355540-B187-4C34-884A-33A7B3676EBB}.Release|Any CPU.ActiveCfg = Release|Any CPU
		{B2355540-B187-4C34-884A-33A7B3676EBB}.Release|Any CPU.Build.0 = Release|Any CPU
	EndGlobalSection
	GlobalSection(SolutionProperties) = preSolution
		HideSolutionNode = FALSE
	EndGlobalSection
	GlobalSection(ExtensibilityGlobals) = postSolution
		SolutionGuid = {6A1300EF-8DCC-46C9-8515-B1275AF9B279}
	EndGlobalSection
EndGlobal
